
Microsoft Visual Studio Solution File, Format Version 12.00
# Visual Studio 15
VisualStudioVersion = 15.0.28010.2041
MinimumVisualStudioVersion = 10.0.40219.1
Project("{FAE04EC0-301F-11D3-BF4B-00C04F79EFBC}") = "StacksQueue", "StacksQueue\StacksQueue.csproj", "{938220F2-F8B2-48F9-BEEF-3242641F035F}"
EndProject
Global
	GlobalSection(SolutionConfigurationPlatforms) = preSolution
		Debug|Any CPU = Debug|Any CPU
		Release|Any CPU = Release|Any CPU
	EndGlobalSection
	GlobalSection(ProjectConfigurationPlatforms) = postSolution
		{938220F2-F8B2-48F9-BEEF-3242641F035F}.Debug|Any CPU.ActiveCfg = Debug|Any CPU
		{938220F2-F8B2-48F9-BEEF-3242641F035F}.Debug|Any CPU.Build.0 = Debug|Any CPU
		{938220F2-F8B2-48F9-BEEF-3242641F035F}.Release|Any CPU.ActiveCfg = Release|Any CPU
		{938220F2-F8B2-48F9-BEEF-3242641F035F}.Release|Any CPU.Build.0 = Release|Any CPU
	EndGlobalSection
	GlobalSection(SolutionProperties) = preSolution
		HideSolutionNode = FALSE
	EndGlobalSection
	GlobalSection(ExtensibilityGlobals) = postSolution
		SolutionGuid = {E3A83C1D-1E53-4313-9204-F3EFD47AEE8C}
	EndGlobalSection
EndGlobal
