
Microsoft Visual Studio Solution File, Format Version 12.00
# Visual Studio 15
VisualStudioVersion = 15.0.28010.2041
MinimumVisualStudioVersion = 10.0.40219.1
Project("{FAE04EC0-301F-11D3-BF4B-00C04F79EFBC}") = "DpMiscellaneous", "DpMiscellaneous\DpMiscellaneous.csproj", "{2BD18CAC-C615-4BB1-8134-0632A48AE904}"
EndProject
Global
	GlobalSection(SolutionConfigurationPlatforms) = preSolution
		Debug|Any CPU = Debug|Any CPU
		Release|Any CPU = Release|Any CPU
	EndGlobalSection
	GlobalSection(ProjectConfigurationPlatforms) = postSolution
		{2BD18CAC-C615-4BB1-8134-0632A48AE904}.Debug|Any CPU.ActiveCfg = Debug|Any CPU
		{2BD18CAC-C615-4BB1-8134-0632A48AE904}.Debug|Any CPU.Build.0 = Debug|Any CPU
		{2BD18CAC-C615-4BB1-8134-0632A48AE904}.Release|Any CPU.ActiveCfg = Release|Any CPU
		{2BD18CAC-C615-4BB1-8134-0632A48AE904}.Release|Any CPU.Build.0 = Release|Any CPU
	EndGlobalSection
	GlobalSection(SolutionProperties) = preSolution
		HideSolutionNode = FALSE
	EndGlobalSection
	GlobalSection(ExtensibilityGlobals) = postSolution
		SolutionGuid = {DFA867C0-AA0A-46F3-A95D-0AE02B927796}
	EndGlobalSection
EndGlobal
