
Microsoft Visual Studio Solution File, Format Version 12.00
# Visual Studio 15
VisualStudioVersion = 15.0.28010.2041
MinimumVisualStudioVersion = 10.0.40219.1
Project("{FAE04EC0-301F-11D3-BF4B-00C04F79EFBC}") = "Recursion", "Recursion\Recursion.csproj", "{0672FE25-FF1F-45B8-A913-D010F3E7097D}"
EndProject
Global
	GlobalSection(SolutionConfigurationPlatforms) = preSolution
		Debug|Any CPU = Debug|Any CPU
		Release|Any CPU = Release|Any CPU
	EndGlobalSection
	GlobalSection(ProjectConfigurationPlatforms) = postSolution
		{0672FE25-FF1F-45B8-A913-D010F3E7097D}.Debug|Any CPU.ActiveCfg = Debug|Any CPU
		{0672FE25-FF1F-45B8-A913-D010F3E7097D}.Debug|Any CPU.Build.0 = Debug|Any CPU
		{0672FE25-FF1F-45B8-A913-D010F3E7097D}.Release|Any CPU.ActiveCfg = Release|Any CPU
		{0672FE25-FF1F-45B8-A913-D010F3E7097D}.Release|Any CPU.Build.0 = Release|Any CPU
	EndGlobalSection
	GlobalSection(SolutionProperties) = preSolution
		HideSolutionNode = FALSE
	EndGlobalSection
	GlobalSection(ExtensibilityGlobals) = postSolution
		SolutionGuid = {E4F4A0E4-E04C-47F8-9228-9A79630B9EA6}
	EndGlobalSection
EndGlobal
