
Microsoft Visual Studio Solution File, Format Version 12.00
# Visual Studio 15
VisualStudioVersion = 15.0.28010.2041
MinimumVisualStudioVersion = 10.0.40219.1
Project("{FAE04EC0-301F-11D3-BF4B-00C04F79EFBC}") = "Heaps", "Heaps\Heaps.csproj", "{23739509-22B3-4A2C-A278-805D9E49A631}"
EndProject
Global
	GlobalSection(SolutionConfigurationPlatforms) = preSolution
		Debug|Any CPU = Debug|Any CPU
		Release|Any CPU = Release|Any CPU
	EndGlobalSection
	GlobalSection(ProjectConfigurationPlatforms) = postSolution
		{23739509-22B3-4A2C-A278-805D9E49A631}.Debug|Any CPU.ActiveCfg = Debug|Any CPU
		{23739509-22B3-4A2C-A278-805D9E49A631}.Debug|Any CPU.Build.0 = Debug|Any CPU
		{23739509-22B3-4A2C-A278-805D9E49A631}.Release|Any CPU.ActiveCfg = Release|Any CPU
		{23739509-22B3-4A2C-A278-805D9E49A631}.Release|Any CPU.Build.0 = Release|Any CPU
	EndGlobalSection
	GlobalSection(SolutionProperties) = preSolution
		HideSolutionNode = FALSE
	EndGlobalSection
	GlobalSection(ExtensibilityGlobals) = postSolution
		SolutionGuid = {5418C37F-2AF6-406C-AD30-4A98BCA90865}
	EndGlobalSection
EndGlobal
